
Microsoft Visual Studio Solution File, Format Version 12.00
# Visual Studio Version 16
VisualStudioVersion = 16.0.31205.134
MinimumVisualStudioVersion = 10.0.40219.1
Project("{FAE04EC0-301F-11D3-BF4B-00C04F79EFBC}") = "Snatch.Android", "Snatch\Snatch.Android\Snatch.Android.csproj", "{413AB804-DE26-4634-BE59-CC143B519A29}"
EndProject
Project("{FAE04EC0-301F-11D3-BF4B-00C04F79EFBC}") = "Snatch.iOS", "Snatch\Snatch.iOS\Snatch.iOS.csproj", "{7BAFDE0B-26AB-4559-8444-864DDE6E3BEB}"
EndProject
Project("{9A19103F-16F7-4668-BE54-9A1E7A4F7556}") = "Snatch", "Snatch\Snatch\Snatch.csproj", "{71E8B34B-8DD3-4E43-B554-0BF136D61B4B}"
EndProject
Project("{9A19103F-16F7-4668-BE54-9A1E7A4F7556}") = "Core", "Core\Core.csproj", "{DCB761C7-7821-4F4B-839C-192E9C9E04AA}"
EndProject
Project("{FAE04EC0-301F-11D3-BF4B-00C04F79EFBC}") = "CelestialComputation", "CelestialComputation\CelestialComputation.csproj", "{3DDEE330-08B6-4D0B-86F5-1A2003392BA1}"
EndProject
Global
	GlobalSection(SolutionConfigurationPlatforms) = preSolution
		Debug|Any CPU = Debug|Any CPU
		Debug|iPhone = Debug|iPhone
		Debug|iPhoneSimulator = Debug|iPhoneSimulator
		Release|Any CPU = Release|Any CPU
		Release|iPhone = Release|iPhone
		Release|iPhoneSimulator = Release|iPhoneSimulator
	EndGlobalSection
	GlobalSection(ProjectConfigurationPlatforms) = postSolution
		{413AB804-DE26-4634-BE59-CC143B519A29}.Debug|Any CPU.ActiveCfg = Debug|Any CPU
		{413AB804-DE26-4634-BE59-CC143B519A29}.Debug|Any CPU.Build.0 = Debug|Any CPU
		{413AB804-DE26-4634-BE59-CC143B519A29}.Debug|Any CPU.Deploy.0 = Debug|Any CPU
		{413AB804-DE26-4634-BE59-CC143B519A29}.Debug|iPhone.ActiveCfg = Debug|Any CPU
		{413AB804-DE26-4634-BE59-CC143B519A29}.Debug|iPhone.Build.0 = Debug|Any CPU
		{413AB804-DE26-4634-BE59-CC143B519A29}.Debug|iPhone.Deploy.0 = Debug|Any CPU
		{413AB804-DE26-4634-BE59-CC143B519A29}.Debug|iPhoneSimulator.ActiveCfg = Debug|Any CPU
		{413AB804-DE26-4634-BE59-CC143B519A29}.Debug|iPhoneSimulator.Build.0 = Debug|Any CPU
		{413AB804-DE26-4634-BE59-CC143B519A29}.Debug|iPhoneSimulator.Deploy.0 = Debug|Any CPU
		{413AB804-DE26-4634-BE59-CC143B519A29}.Release|Any CPU.ActiveCfg = Release|Any CPU
		{413AB804-DE26-4634-BE59-CC143B519A29}.Release|Any CPU.Build.0 = Release|Any CPU
		{413AB804-DE26-4634-BE59-CC143B519A29}.Release|Any CPU.Deploy.0 = Release|Any CPU
		{413AB804-DE26-4634-BE59-CC143B519A29}.Release|iPhone.ActiveCfg = Release|Any CPU
		{413AB804-DE26-4634-BE59-CC143B519A29}.Release|iPhone.Build.0 = Release|Any CPU
		{413AB804-DE26-4634-BE59-CC143B519A29}.Release|iPhone.Deploy.0 = Release|Any CPU
		{413AB804-DE26-4634-BE59-CC143B519A29}.Release|iPhoneSimulator.ActiveCfg = Release|Any CPU
		{413AB804-DE26-4634-BE59-CC143B519A29}.Release|iPhoneSimulator.Build.0 = Release|Any CPU
		{413AB804-DE26-4634-BE59-CC143B519A29}.Release|iPhoneSimulator.Deploy.0 = Release|Any CPU
		{7BAFDE0B-26AB-4559-8444-864DDE6E3BEB}.Debug|Any CPU.ActiveCfg = Debug|iPhone
		{7BAFDE0B-26AB-4559-8444-864DDE6E3BEB}.Debug|Any CPU.Build.0 = Debug|iPhone
		{7BAFDE0B-26AB-4559-8444-864DDE6E3BEB}.Debug|Any CPU.Deploy.0 = Debug|iPhone
		{7BAFDE0B-26AB-4559-8444-864DDE6E3BEB}.Debug|iPhone.ActiveCfg = Debug|iPhone
		{7BAFDE0B-26AB-4559-8444-864DDE6E3BEB}.Debug|iPhone.Build.0 = Debug|iPhone
		{7BAFDE0B-26AB-4559-8444-864DDE6E3BEB}.Debug|iPhone.Deploy.0 = Debug|iPhone
		{7BAFDE0B-26AB-4559-8444-864DDE6E3BEB}.Debug|iPhoneSimulator.ActiveCfg = Debug|iPhoneSimulator
		{7BAFDE0B-26AB-4559-8444-864DDE6E3BEB}.Debug|iPhoneSimulator.Build.0 = Debug|iPhoneSimulator
		{7BAFDE0B-26AB-4559-8444-864DDE6E3BEB}.Debug|iPhoneSimulator.Deploy.0 = Debug|iPhoneSimulator
		{7BAFDE0B-26AB-4559-8444-864DDE6E3BEB}.Release|Any CPU.ActiveCfg = Release|iPhoneSimulator
		{7BAFDE0B-26AB-4559-8444-864DDE6E3BEB}.Release|Any CPU.Build.0 = Release|iPhoneSimulator
		{7BAFDE0B-26AB-4559-8444-864DDE6E3BEB}.Release|Any CPU.Deploy.0 = Release|iPhoneSimulator
		{7BAFDE0B-26AB-4559-8444-864DDE6E3BEB}.Release|iPhone.ActiveCfg = Release|iPhone
		{7BAFDE0B-26AB-4559-8444-864DDE6E3BEB}.Release|iPhone.Build.0 = Release|iPhone
		{7BAFDE0B-26AB-4559-8444-864DDE6E3BEB}.Release|iPhone.Deploy.0 = Release|iPhone
		{7BAFDE0B-26AB-4559-8444-864DDE6E3BEB}.Release|iPhoneSimulator.ActiveCfg = Release|iPhoneSimulator
		{7BAFDE0B-26AB-4559-8444-864DDE6E3BEB}.Release|iPhoneSimulator.Build.0 = Release|iPhoneSimulator
		{7BAFDE0B-26AB-4559-8444-864DDE6E3BEB}.Release|iPhoneSimulator.Deploy.0 = Release|iPhoneSimulator
		{71E8B34B-8DD3-4E43-B554-0BF136D61B4B}.Debug|Any CPU.ActiveCfg = Debug|Any CPU
		{71E8B34B-8DD3-4E43-B554-0BF136D61B4B}.Debug|Any CPU.Build.0 = Debug|Any CPU
		{71E8B34B-8DD3-4E43-B554-0BF136D61B4B}.Debug|Any CPU.Deploy.0 = Debug|Any CPU
		{71E8B34B-8DD3-4E43-B554-0BF136D61B4B}.Debug|iPhone.ActiveCfg = Debug|Any CPU
		{71E8B34B-8DD3-4E43-B554-0BF136D61B4B}.Debug|iPhone.Build.0 = Debug|Any CPU
		{71E8B34B-8DD3-4E43-B554-0BF136D61B4B}.Debug|iPhone.Deploy.0 = Debug|Any CPU
		{71E8B34B-8DD3-4E43-B554-0BF136D61B4B}.Debug|iPhoneSimulator.ActiveCfg = Debug|Any CPU
		{71E8B34B-8DD3-4E43-B554-0BF136D61B4B}.Debug|iPhoneSimulator.Build.0 = Debug|Any CPU
		{71E8B34B-8DD3-4E43-B554-0BF136D61B4B}.Debug|iPhoneSimulator.Deploy.0 = Debug|Any CPU
		{71E8B34B-8DD3-4E43-B554-0BF136D61B4B}.Release|Any CPU.ActiveCfg = Release|Any CPU
		{71E8B34B-8DD3-4E43-B554-0BF136D61B4B}.Release|Any CPU.Build.0 = Release|Any CPU
		{71E8B34B-8DD3-4E43-B554-0BF136D61B4B}.Release|Any CPU.Deploy.0 = Release|Any CPU
		{71E8B34B-8DD3-4E43-B554-0BF136D61B4B}.Release|iPhone.ActiveCfg = Release|Any CPU
		{71E8B34B-8DD3-4E43-B554-0BF136D61B4B}.Release|iPhone.Build.0 = Release|Any CPU
		{71E8B34B-8DD3-4E43-B554-0BF136D61B4B}.Release|iPhone.Deploy.0 = Release|Any CPU
		{71E8B34B-8DD3-4E43-B554-0BF136D61B4B}.Release|iPhoneSimulator.ActiveCfg = Release|Any CPU
		{71E8B34B-8DD3-4E43-B554-0BF136D61B4B}.Release|iPhoneSimulator.Build.0 = Release|Any CPU
		{71E8B34B-8DD3-4E43-B554-0BF136D61B4B}.Release|iPhoneSimulator.Deploy.0 = Release|Any CPU
		{DCB761C7-7821-4F4B-839C-192E9C9E04AA}.Debug|Any CPU.ActiveCfg = Debug|Any CPU
		{DCB761C7-7821-4F4B-839C-192E9C9E04AA}.Debug|Any CPU.Build.0 = Debug|Any CPU
		{DCB761C7-7821-4F4B-839C-192E9C9E04AA}.Debug|iPhone.ActiveCfg = Debug|Any CPU
		{DCB761C7-7821-4F4B-839C-192E9C9E04AA}.Debug|iPhone.Build.0 = Debug|Any CPU
		{DCB761C7-7821-4F4B-839C-192E9C9E04AA}.Debug|iPhoneSimulator.ActiveCfg = Debug|Any CPU
		{DCB761C7-7821-4F4B-839C-192E9C9E04AA}.Debug|iPhoneSimulator.Build.0 = Debug|Any CPU
		{DCB761C7-7821-4F4B-839C-192E9C9E04AA}.Release|Any CPU.ActiveCfg = Release|Any CPU
		{DCB761C7-7821-4F4B-839C-192E9C9E04AA}.Release|Any CPU.Build.0 = Release|Any CPU
		{DCB761C7-7821-4F4B-839C-192E9C9E04AA}.Release|iPhone.ActiveCfg = Release|Any CPU
		{DCB761C7-7821-4F4B-839C-192E9C9E04AA}.Release|iPhone.Build.0 = Release|Any CPU
		{DCB761C7-7821-4F4B-839C-192E9C9E04AA}.Release|iPhoneSimulator.ActiveCfg = Release|Any CPU
		{DCB761C7-7821-4F4B-839C-192E9C9E04AA}.Release|iPhoneSimulator.Build.0 = Release|Any CPU
		{3DDEE330-08B6-4D0B-86F5-1A2003392BA1}.Debug|Any CPU.ActiveCfg = Debug|Any CPU
		{3DDEE330-08B6-4D0B-86F5-1A2003392BA1}.Debug|Any CPU.Build.0 = Debug|Any CPU
		{3DDEE330-08B6-4D0B-86F5-1A2003392BA1}.Debug|iPhone.ActiveCfg = Debug|Any CPU
		{3DDEE330-08B6-4D0B-86F5-1A2003392BA1}.Debug|iPhone.Build.0 = Debug|Any CPU
		{3DDEE330-08B6-4D0B-86F5-1A2003392BA1}.Debug|iPhoneSimulator.ActiveCfg = Debug|Any CPU
		{3DDEE330-08B6-4D0B-86F5-1A2003392BA1}.Debug|iPhoneSimulator.Build.0 = Debug|Any CPU
		{3DDEE330-08B6-4D0B-86F5-1A2003392BA1}.Release|Any CPU.ActiveCfg = Release|Any CPU
		{3DDEE330-08B6-4D0B-86F5-1A2003392BA1}.Release|Any CPU.Build.0 = Release|Any CPU
		{3DDEE330-08B6-4D0B-86F5-1A2003392BA1}.Release|iPhone.ActiveCfg = Release|Any CPU
		{3DDEE330-08B6-4D0B-86F5-1A2003392BA1}.Release|iPhone.Build.0 = Release|Any CPU
		{3DDEE330-08B6-4D0B-86F5-1A2003392BA1}.Release|iPhoneSimulator.ActiveCfg = Release|Any CPU
		{3DDEE330-08B6-4D0B-86F5-1A2003392BA1}.Release|iPhoneSimulator.Build.0 = Release|Any CPU
	EndGlobalSection
	GlobalSection(SolutionProperties) = preSolution
		HideSolutionNode = FALSE
	EndGlobalSection
	GlobalSection(ExtensibilityGlobals) = postSolution
		SolutionGuid = {22FF710A-5B22-4BEB-AE95-E426C3DC72C9}
	EndGlobalSection
EndGlobal
